
Microsoft Visual Studio Solution File, Format Version 12.00
# Visual Studio Version 17
VisualStudioVersion = 17.11.35222.181
MinimumVisualStudioVersion = 10.0.40219.1
Project("{FAE04EC0-301F-11D3-BF4B-00C04F79EFBC}") = "Week3Switch", "Week3Switch.csproj", "{7098375E-FBC5-47CD-8A99-8528F5012615}"
EndProject
Project("{FAE04EC0-301F-11D3-BF4B-00C04F79EFBC}") = "Week3RemainderOperator", "..\Week3RemainderOperator\Week3RemainderOperator.csproj", "{7A2C178A-4127-4151-8834-EFF5510F2515}"
EndProject
Global
	GlobalSection(SolutionConfigurationPlatforms) = preSolution
		Debug|Any CPU = Debug|Any CPU
		Release|Any CPU = Release|Any CPU
	EndGlobalSection
	GlobalSection(ProjectConfigurationPlatforms) = postSolution
		{7098375E-FBC5-47CD-8A99-8528F5012615}.Debug|Any CPU.ActiveCfg = Debug|Any CPU
		{7098375E-FBC5-47CD-8A99-8528F5012615}.Debug|Any CPU.Build.0 = Debug|Any CPU
		{7098375E-FBC5-47CD-8A99-8528F5012615}.Release|Any CPU.ActiveCfg = Release|Any CPU
		{7098375E-FBC5-47CD-8A99-8528F5012615}.Release|Any CPU.Build.0 = Release|Any CPU
		{7A2C178A-4127-4151-8834-EFF5510F2515}.Debug|Any CPU.ActiveCfg = Debug|Any CPU
		{7A2C178A-4127-4151-8834-EFF5510F2515}.Debug|Any CPU.Build.0 = Debug|Any CPU
		{7A2C178A-4127-4151-8834-EFF5510F2515}.Release|Any CPU.ActiveCfg = Release|Any CPU
		{7A2C178A-4127-4151-8834-EFF5510F2515}.Release|Any CPU.Build.0 = Release|Any CPU
	EndGlobalSection
	GlobalSection(SolutionProperties) = preSolution
		HideSolutionNode = FALSE
	EndGlobalSection
	GlobalSection(ExtensibilityGlobals) = postSolution
		SolutionGuid = {D8B9744A-0C70-4F44-A8B6-100CF79B7297}
	EndGlobalSection
EndGlobal
